// !$*UTF8*$!
{
	archiveVersion = 1;
	classes = {
	};
	objectVersion = 56;
	objects = {

/* Begin PBXBuildFile section */
		819BE1662B446F0300022A96 /* AppDelegate.swift in Sources */ = {isa = PBXBuildFile; fileRef = 819BE1652B446F0300022A96 /* AppDelegate.swift */; };
		819BE1682B446F0300022A96 /* SceneDelegate.swift in Sources */ = {isa = PBXBuildFile; fileRef = 819BE1672B446F0300022A96 /* SceneDelegate.swift */; };
		819BE16A2B446F0300022A96 /* ViewController.swift in Sources */ = {isa = PBXBuildFile; fileRef = 819BE1692B446F0300022A96 /* ViewController.swift */; };
		819BE16D2B446F0300022A96 /* Main.storyboard in Resources */ = {isa = PBXBuildFile; fileRef = 819BE16B2B446F0300022A96 /* Main.storyboard */; };
		819BE16F2B446F0400022A96 /* Assets.xcassets in Resources */ = {isa = PBXBuildFile; fileRef = 819BE16E2B446F0400022A96 /* Assets.xcassets */; };
		819BE1722B446F0400022A96 /* LaunchScreen.storyboard in Resources */ = {isa = PBXBuildFile; fileRef = 819BE1702B446F0400022A96 /* LaunchScreen.storyboard */; };
		819BE17D2B44858800022A96 /* DailyTaskTableCell.swift in Sources */ = {isa = PBXBuildFile; fileRef = 819BE17C2B44858800022A96 /* DailyTaskTableCell.swift */; };
		819BE1812B449E3C00022A96 /* DailyTask.swift in Sources */ = {isa = PBXBuildFile; fileRef = 819BE1802B449E3C00022A96 /* DailyTask.swift */; };
		819BE1832B449F7A00022A96 /* ExerciseType.swift in Sources */ = {isa = PBXBuildFile; fileRef = 819BE1822B449F7A00022A96 /* ExerciseType.swift */; };
/* End PBXBuildFile section */

/* Begin PBXFileReference section */
		819BE1622B446F0300022A96 /* MVC-App.app */ = {isa = PBXFileReference; explicitFileType = wrapper.application; includeInIndex = 0; path = "MVC-App.app"; sourceTree = BUILT_PRODUCTS_DIR; };
		819BE1652B446F0300022A96 /* AppDelegate.swift */ = {isa = PBXFileReference; lastKnownFileType = sourcecode.swift; path = AppDelegate.swift; sourceTree = "<group>"; };
		819BE1672B446F0300022A96 /* SceneDelegate.swift */ = {isa = PBXFileReference; lastKnownFileType = sourcecode.swift; path = SceneDelegate.swift; sourceTree = "<group>"; };
		819BE1692B446F0300022A96 /* ViewController.swift */ = {isa = PBXFileReference; lastKnownFileType = sourcecode.swift; path = ViewController.swift; sourceTree = "<group>"; };
		819BE16C2B446F0300022A96 /* Base */ = {isa = PBXFileReference; lastKnownFileType = file.storyboard; name = Base; path = Base.lproj/Main.storyboard; sourceTree = "<group>"; };
		819BE16E2B446F0400022A96 /* Assets.xcassets */ = {isa = PBXFileReference; lastKnownFileType = folder.assetcatalog; path = Assets.xcassets; sourceTree = "<group>"; };
		819BE1712B446F0400022A96 /* Base */ = {isa = PBXFileReference; lastKnownFileType = file.storyboard; name = Base; path = Base.lproj/LaunchScreen.storyboard; sourceTree = "<group>"; };
		819BE1732B446F0400022A96 /* Info.plist */ = {isa = PBXFileReference; lastKnownFileType = text.plist.xml; path = Info.plist; sourceTree = "<group>"; };
		819BE17C2B44858800022A96 /* DailyTaskTableCell.swift */ = {isa = PBXFileReference; lastKnownFileType = sourcecode.swift; path = DailyTaskTableCell.swift; sourceTree = "<group>"; };
		819BE1802B449E3C00022A96 /* DailyTask.swift */ = {isa = PBXFileReference; lastKnownFileType = sourcecode.swift; path = DailyTask.swift; sourceTree = "<group>"; };
		819BE1822B449F7A00022A96 /* ExerciseType.swift */ = {isa = PBXFileReference; lastKnownFileType = sourcecode.swift; path = ExerciseType.swift; sourceTree = "<group>"; };
/* End PBXFileReference section */

/* Begin PBXFrameworksBuildPhase section */
		819BE15F2B446F0300022A96 /* Frameworks */ = {
			isa = PBXFrameworksBuildPhase;
			buildActionMask = 2147483647;
			files = (
			);
			runOnlyForDeploymentPostprocessing = 0;
		};
/* End PBXFrameworksBuildPhase section */

/* Begin PBXGroup section */
		819BE1592B446F0300022A96 = {
			isa = PBXGroup;
			children = (
				819BE1642B446F0300022A96 /* MVC-App */,
				819BE1632B446F0300022A96 /* Products */,
			);
			sourceTree = "<group>";
		};
		819BE1632B446F0300022A96 /* Products */ = {
			isa = PBXGroup;
			children = (
				819BE1622B446F0300022A96 /* MVC-App.app */,
			);
			name = Products;
			sourceTree = "<group>";
		};
		819BE1642B446F0300022A96 /* MVC-App */ = {
			isa = PBXGroup;
			children = (
				819BE1792B446F1000022A96 /* Application */,
				819BE17A2B446F2200022A96 /* Supporting Files */,
				819BE17F2B449C8000022A96 /* Model */,
				819BE17E2B44882400022A96 /* View */,
				819BE17B2B446F3E00022A96 /* Controller */,
			);
			path = "MVC-App";
			sourceTree = "<group>";
		};
		819BE1792B446F1000022A96 /* Application */ = {
			isa = PBXGroup;
			children = (
				819BE1652B446F0300022A96 /* AppDelegate.swift */,
				819BE1672B446F0300022A96 /* SceneDelegate.swift */,
			);
			path = Application;
			sourceTree = "<group>";
		};
		819BE17A2B446F2200022A96 /* Supporting Files */ = {
			isa = PBXGroup;
			children = (
				819BE16B2B446F0300022A96 /* Main.storyboard */,
				819BE1702B446F0400022A96 /* LaunchScreen.storyboard */,
				819BE16E2B446F0400022A96 /* Assets.xcassets */,
				819BE1732B446F0400022A96 /* Info.plist */,
			);
			path = "Supporting Files";
			sourceTree = "<group>";
		};
		819BE17B2B446F3E00022A96 /* Controller */ = {
			isa = PBXGroup;
			children = (
				819BE1692B446F0300022A96 /* ViewController.swift */,
			);
			path = Controller;
			sourceTree = "<group>";
		};
		819BE17E2B44882400022A96 /* View */ = {
			isa = PBXGroup;
			children = (
				819BE17C2B44858800022A96 /* DailyTaskTableCell.swift */,
			);
			path = View;
			sourceTree = "<group>";
		};
		819BE17F2B449C8000022A96 /* Model */ = {
			isa = PBXGroup;
			children = (
				819BE1802B449E3C00022A96 /* DailyTask.swift */,
				819BE1822B449F7A00022A96 /* ExerciseType.swift */,
			);
			path = Model;
			sourceTree = "<group>";
		};
/* End PBXGroup section */

/* Begin PBXNativeTarget section */
		819BE1612B446F0300022A96 /* MVC-App */ = {
			isa = PBXNativeTarget;
			buildConfigurationList = 819BE1762B446F0400022A96 /* Build configuration list for PBXNativeTarget "MVC-App" */;
			buildPhases = (
				819BE15E2B446F0300022A96 /* Sources */,
				819BE15F2B446F0300022A96 /* Frameworks */,
				819BE1602B446F0300022A96 /* Resources */,
			);
			buildRules = (
			);
			dependencies = (
			);
			name = "MVC-App";
			productName = "MVC-App";
			productReference = 819BE1622B446F0300022A96 /* MVC-App.app */;
			productType = "com.apple.product-type.application";
		};
/* End PBXNativeTarget section */

/* Begin PBXProject section */
		819BE15A2B446F0300022A96 /* Project object */ = {
			isa = PBXProject;
			attributes = {
				BuildIndependentTargetsInParallel = 1;
				LastSwiftUpdateCheck = 1500;
				LastUpgradeCheck = 1500;
				TargetAttributes = {
					819BE1612B446F0300022A96 = {
						CreatedOnToolsVersion = 15.0.1;
					};
				};
			};
			buildConfigurationList = 819BE15D2B446F0300022A96 /* Build configuration list for PBXProject "MVC-App" */;
			compatibilityVersion = "Xcode 14.0";
			developmentRegion = en;
			hasScannedForEncodings = 0;
			knownRegions = (
				en,
				Base,
			);
			mainGroup = 819BE1592B446F0300022A96;
			productRefGroup = 819BE1632B446F0300022A96 /* Products */;
			projectDirPath = "";
			projectRoot = "";
			targets = (
				819BE1612B446F0300022A96 /* MVC-App */,
			);
		};
/* End PBXProject section */

/* Begin PBXResourcesBuildPhase section */
		819BE1602B446F0300022A96 /* Resources */ = {
			isa = PBXResourcesBuildPhase;
			buildActionMask = 2147483647;
			files = (
				819BE1722B446F0400022A96 /* LaunchScreen.storyboard in Resources */,
				819BE16F2B446F0400022A96 /* Assets.xcassets in Resources */,
				819BE16D2B446F0300022A96 /* Main.storyboard in Resources */,
			);
			runOnlyForDeploymentPostprocessing = 0;
		};
/* End PBXResourcesBuildPhase section */

/* Begin PBXSourcesBuildPhase section */
		819BE15E2B446F0300022A96 /* Sources */ = {
			isa = PBXSourcesBuildPhase;
			buildActionMask = 2147483647;
			files = (
				819BE16A2B446F0300022A96 /* ViewController.swift in Sources */,
				819BE1812B449E3C00022A96 /* DailyTask.swift in Sources */,
				819BE1662B446F0300022A96 /* AppDelegate.swift in Sources */,
				819BE17D2B44858800022A96 /* DailyTaskTableCell.swift in Sources */,
				819BE1682B446F0300022A96 /* SceneDelegate.swift in Sources */,
				819BE1832B449F7A00022A96 /* ExerciseType.swift in Sources */,
			);
			runOnlyForDeploymentPostprocessing = 0;
		};
/* End PBXSourcesBuildPhase section */

/* Begin PBXVariantGroup section */
		819BE16B2B446F0300022A96 /* Main.storyboard */ = {
			isa = PBXVariantGroup;
			children = (
				819BE16C2B446F0300022A96 /* Base */,
			);
			name = Main.storyboard;
			sourceTree = "<group>";
		};
		819BE1702B446F0400022A96 /* LaunchScreen.storyboard */ = {
			isa = PBXVariantGroup;
			children = (
				819BE1712B446F0400022A96 /* Base */,
			);
			name = LaunchScreen.storyboard;
			sourceTree = "<group>";
		};
/* End PBXVariantGroup section */

/* Begin XCBuildConfiguration section */
		819BE1742B446F0400022A96 /* Debug */ = {
			isa = XCBuildConfiguration;
			buildSettings = {
				ALWAYS_SEARCH_USER_PATHS = NO;
				ASSETCATALOG_COMPILER_GENERATE_SWIFT_ASSET_SYMBOL_EXTENSIONS = YES;
				CLANG_ANALYZER_NONNULL = YES;
				CLANG_ANALYZER_NUMBER_OBJECT_CONVERSION = YES_AGGRESSIVE;
				CLANG_CXX_LANGUAGE_STANDARD = "gnu++20";
				CLANG_ENABLE_MODULES = YES;
				CLANG_ENABLE_OBJC_ARC = YES;
				CLANG_ENABLE_OBJC_WEAK = YES;
				CLANG_WARN_BLOCK_CAPTURE_AUTORELEASING = YES;
				CLANG_WARN_BOOL_CONVERSION = YES;
				CLANG_WARN_COMMA = YES;
				CLANG_WARN_CONSTANT_CONVERSION = YES;
				CLANG_WARN_DEPRECATED_OBJC_IMPLEMENTATIONS = YES;
				CLANG_WARN_DIRECT_OBJC_ISA_USAGE = YES_ERROR;
				CLANG_WARN_DOCUMENTATION_COMMENTS = YES;
				CLANG_WARN_EMPTY_BODY = YES;
				CLANG_WARN_ENUM_CONVERSION = YES;
				CLANG_WARN_INFINITE_RECURSION = YES;
				CLANG_WARN_INT_CONVERSION = YES;
				CLANG_WARN_NON_LITERAL_NULL_CONVERSION = YES;
				CLANG_WARN_OBJC_IMPLICIT_RETAIN_SELF = YES;
				CLANG_WARN_OBJC_LITERAL_CONVERSION = YES;
				CLANG_WARN_OBJC_ROOT_CLASS = YES_ERROR;
				CLANG_WARN_QUOTED_INCLUDE_IN_FRAMEWORK_HEADER = YES;
				CLANG_WARN_RANGE_LOOP_ANALYSIS = YES;
				CLANG_WARN_STRICT_PROTOTYPES = YES;
				CLANG_WARN_SUSPICIOUS_MOVE = YES;
				CLANG_WARN_UNGUARDED_AVAILABILITY = YES_AGGRESSIVE;
				CLANG_WARN_UNREACHABLE_CODE = YES;
				CLANG_WARN__DUPLICATE_METHOD_MATCH = YES;
				COPY_PHASE_STRIP = NO;
				DEBUG_INFORMATION_FORMAT = dwarf;
				ENABLE_STRICT_OBJC_MSGSEND = YES;
				ENABLE_TESTABILITY = YES;
				ENABLE_USER_SCRIPT_SANDBOXING = YES;
				GCC_C_LANGUAGE_STANDARD = gnu17;
				GCC_DYNAMIC_NO_PIC = NO;
				GCC_NO_COMMON_BLOCKS = YES;
				GCC_OPTIMIZATION_LEVEL = 0;
				GCC_PREPROCESSOR_DEFINITIONS = (
					"DEBUG=1",
					"$(inherited)",
				);
				GCC_WARN_64_TO_32_BIT_CONVERSION = YES;
				GCC_WARN_ABOUT_RETURN_TYPE = YES_ERROR;
				GCC_WARN_UNDECLARED_SELECTOR = YES;
				GCC_WARN_UNINITIALIZED_AUTOS = YES_AGGRESSIVE;
				GCC_WARN_UNUSED_FUNCTION = YES;
				GCC_WARN_UNUSED_VARIABLE = YES;
				IPHONEOS_DEPLOYMENT_TARGET = 17.0;
				LOCALIZATION_PREFERS_STRING_CATALOGS = YES;
				MTL_ENABLE_DEBUG_INFO = INCLUDE_SOURCE;
				MTL_FAST_MATH = YES;
				ONLY_ACTIVE_ARCH = YES;
				SDKROOT = iphoneos;
				SWIFT_ACTIVE_COMPILATION_CONDITIONS = "DEBUG $(inherited)";
				SWIFT_OPTIMIZATION_LEVEL = "-Onone";
			};
			name = Debug;
		};
		819BE1752B446F0400022A96 /* Release */ = {
			isa = XCBuildConfiguration;
			buildSettings = {
				ALWAYS_SEARCH_USER_PATHS = NO;
				ASSETCATALOG_COMPILER_GENERATE_SWIFT_ASSET_SYMBOL_EXTENSIONS = YES;
				CLANG_ANALYZER_NONNULL = YES;
				CLANG_ANALYZER_NUMBER_OBJECT_CONVERSION = YES_AGGRESSIVE;
				CLANG_CXX_LANGUAGE_STANDARD = "gnu++20";
				CLANG_ENABLE_MODULES = YES;
				CLANG_ENABLE_OBJC_ARC = YES;
				CLANG_ENABLE_OBJC_WEAK = YES;
				CLANG_WARN_BLOCK_CAPTURE_AUTORELEASING = YES;
				CLANG_WARN_BOOL_CONVERSION = YES;
				CLANG_WARN_COMMA = YES;
				CLANG_WARN_CONSTANT_CONVERSION = YES;
				CLANG_WARN_DEPRECATED_OBJC_IMPLEMENTATIONS = YES;
				CLANG_WARN_DIRECT_OBJC_ISA_USAGE = YES_ERROR;
				CLANG_WARN_DOCUMENTATION_COMMENTS = YES;
				CLANG_WARN_EMPTY_BODY = YES;
				CLANG_WARN_ENUM_CONVERSION = YES;
				CLANG_WARN_INFINITE_RECURSION = YES;
				CLANG_WARN_INT_CONVERSION = YES;
				CLANG_WARN_NON_LITERAL_NULL_CONVERSION = YES;
				CLANG_WARN_OBJC_IMPLICIT_RETAIN_SELF = YES;
				CLANG_WARN_OBJC_LITERAL_CONVERSION = YES;
				CLANG_WARN_OBJC_ROOT_CLASS = YES_ERROR;
				CLANG_WARN_QUOTED_INCLUDE_IN_FRAMEWORK_HEADER = YES;
				CLANG_WARN_RANGE_LOOP_ANALYSIS = YES;
				CLANG_WARN_STRICT_PROTOTYPES = YES;
				CLANG_WARN_SUSPICIOUS_MOVE = YES;
				CLANG_WARN_UNGUARDED_AVAILABILITY = YES_AGGRESSIVE;
				CLANG_WARN_UNREACHABLE_CODE = YES;
				CLANG_WARN__DUPLICATE_METHOD_MATCH = YES;
				COPY_PHASE_STRIP = NO;
				DEBUG_INFORMATION_FORMAT = "dwarf-with-dsym";
				ENABLE_NS_ASSERTIONS = NO;
				ENABLE_STRICT_OBJC_MSGSEND = YES;
				ENABLE_USER_SCRIPT_SANDBOXING = YES;
				GCC_C_LANGUAGE_STANDARD = gnu17;
				GCC_NO_COMMON_BLOCKS = YES;
				GCC_WARN_64_TO_32_BIT_CONVERSION = YES;
				GCC_WARN_ABOUT_RETURN_TYPE = YES_ERROR;
				GCC_WARN_UNDECLARED_SELECTOR = YES;
				GCC_WARN_UNINITIALIZED_AUTOS = YES_AGGRESSIVE;
				GCC_WARN_UNUSED_FUNCTION = YES;
				GCC_WARN_UNUSED_VARIABLE = YES;
				IPHONEOS_DEPLOYMENT_TARGET = 17.0;
				LOCALIZATION_PREFERS_STRING_CATALOGS = YES;
				MTL_ENABLE_DEBUG_INFO = NO;
				MTL_FAST_MATH = YES;
				SDKROOT = iphoneos;
				SWIFT_COMPILATION_MODE = wholemodule;
				VALIDATE_PRODUCT = YES;
			};
			name = Release;
		};
		819BE1772B446F0400022A96 /* Debug */ = {
			isa = XCBuildConfiguration;
			buildSettings = {
				ASSETCATALOG_COMPILER_APPICON_NAME = AppIcon;
				ASSETCATALOG_COMPILER_GLOBAL_ACCENT_COLOR_NAME = AccentColor;
				CODE_SIGN_STYLE = Automatic;
				CURRENT_PROJECT_VERSION = 1;
				DEVELOPMENT_TEAM = 4CJW76Y9FL;
				GENERATE_INFOPLIST_FILE = YES;
				INFOPLIST_FILE = "MVC-App/Supporting Files/Info.plist";
				INFOPLIST_KEY_UIApplicationSupportsIndirectInputEvents = YES;
				INFOPLIST_KEY_UILaunchStoryboardName = LaunchScreen;
				INFOPLIST_KEY_UIMainStoryboardFile = Main;
				INFOPLIST_KEY_UISupportedInterfaceOrientations_iPad = "UIInterfaceOrientationPortrait UIInterfaceOrientationPortraitUpsideDown UIInterfaceOrientationLandscapeLeft UIInterfaceOrientationLandscapeRight";
				INFOPLIST_KEY_UISupportedInterfaceOrientations_iPhone = "UIInterfaceOrientationPortrait UIInterfaceOrientationLandscapeLeft UIInterfaceOrientationLandscapeRight";
				LD_RUNPATH_SEARCH_PATHS = (
					"$(inherited)",
					"@executable_path/Frameworks",
				);
				MARKETING_VERSION = 1.0;
				PRODUCT_BUNDLE_IDENTIFIER = "Sahil.Amrut.Agashe.com.MVC-App";
				PRODUCT_NAME = "$(TARGET_NAME)";
				SWIFT_EMIT_LOC_STRINGS = YES;
				SWIFT_VERSION = 5.0;
				TARGETED_DEVICE_FAMILY = "1,2";
			};
			name = Debug;
		};
		819BE1782B446F0400022A96 /* Release */ = {
			isa = XCBuildConfiguration;
			buildSettings = {
				ASSETCATALOG_COMPILER_APPICON_NAME = AppIcon;
				ASSETCATALOG_COMPILER_GLOBAL_ACCENT_COLOR_NAME = AccentColor;
				CODE_SIGN_STYLE = Automatic;
				CURRENT_PROJECT_VERSION = 1;
				DEVELOPMENT_TEAM = 4CJW76Y9FL;
				GENERATE_INFOPLIST_FILE = YES;
				INFOPLIST_FILE = "MVC-App/Supporting Files/Info.plist";
				INFOPLIST_KEY_UIApplicationSupportsIndirectInputEvents = YES;
				INFOPLIST_KEY_UILaunchStoryboardName = LaunchScreen;
				INFOPLIST_KEY_UIMainStoryboardFile = Main;
				INFOPLIST_KEY_UISupportedInterfaceOrientations_iPad = "UIInterfaceOrientationPortrait UIInterfaceOrientationPortraitUpsideDown UIInterfaceOrientationLandscapeLeft UIInterfaceOrientationLandscapeRight";
				INFOPLIST_KEY_UISupportedInterfaceOrientations_iPhone = "UIInterfaceOrientationPortrait UIInterfaceOrientationLandscapeLeft UIInterfaceOrientationLandscapeRight";
				LD_RUNPATH_SEARCH_PATHS = (
					"$(inherited)",
					"@executable_path/Frameworks",
				);
				MARKETING_VERSION = 1.0;
				PRODUCT_BUNDLE_IDENTIFIER = "Sahil.Amrut.Agashe.com.MVC-App";
				PRODUCT_NAME = "$(TARGET_NAME)";
				SWIFT_EMIT_LOC_STRINGS = YES;
				SWIFT_VERSION = 5.0;
				TARGETED_DEVICE_FAMILY = "1,2";
			};
			name = Release;
		};
/* End XCBuildConfiguration section */

/* Begin XCConfigurationList section */
		819BE15D2B446F0300022A96 /* Build configuration list for PBXProject "MVC-App" */ = {
			isa = XCConfigurationList;
			buildConfigurations = (
				819BE1742B446F0400022A96 /* Debug */,
				819BE1752B446F0400022A96 /* Release */,
			);
			defaultConfigurationIsVisible = 0;
			defaultConfigurationName = Release;
		};
		819BE1762B446F0400022A96 /* Build configuration list for PBXNativeTarget "MVC-App" */ = {
			isa = XCConfigurationList;
			buildConfigurations = (
				819BE1772B446F0400022A96 /* Debug */,
				819BE1782B446F0400022A96 /* Release */,
			);
			defaultConfigurationIsVisible = 0;
			defaultConfigurationName = Release;
		};
/* End XCConfigurationList section */
	};
	rootObject = 819BE15A2B446F0300022A96 /* Project object */;
}
